
Microsoft Visual Studio Solution File, Format Version 12.00
# Visual Studio Version 16
VisualStudioVersion = 16.0.29324.140
MinimumVisualStudioVersion = 10.0.40219.1
Project("{FAE04EC0-301F-11D3-BF4B-00C04F79EFBC}") = "Week05", "Week05\Week05.csproj", "{27B93E8B-46AF-4C37-A749-793FEF34AF01}"
EndProject
Global
	GlobalSection(SolutionConfigurationPlatforms) = preSolution
		Debug|Any CPU = Debug|Any CPU
		Release|Any CPU = Release|Any CPU
	EndGlobalSection
	GlobalSection(ProjectConfigurationPlatforms) = postSolution
		{27B93E8B-46AF-4C37-A749-793FEF34AF01}.Debug|Any CPU.ActiveCfg = Debug|Any CPU
		{27B93E8B-46AF-4C37-A749-793FEF34AF01}.Debug|Any CPU.Build.0 = Debug|Any CPU
		{27B93E8B-46AF-4C37-A749-793FEF34AF01}.Release|Any CPU.ActiveCfg = Release|Any CPU
		{27B93E8B-46AF-4C37-A749-793FEF34AF01}.Release|Any CPU.Build.0 = Release|Any CPU
	EndGlobalSection
	GlobalSection(SolutionProperties) = preSolution
		HideSolutionNode = FALSE
	EndGlobalSection
	GlobalSection(ExtensibilityGlobals) = postSolution
		SolutionGuid = {B4718830-6FA0-4185-BE73-A1BA40989D64}
	EndGlobalSection
EndGlobal
